<?xml version="1.0" encoding="utf-8"?>
<Project ToolsVersion="15.0" xmlns="http://schemas.microsoft.com/developer/msbuild/2003">
  <ItemGroup>
    <ClCompile Include="K:\Development\op3d_active\curl-7.63.0\tests\libtest\lib582.c">
      <Filter>Source Files</Filter>
    </ClCompile>
    <ClCompile Include="K:\Development\op3d_active\curl-7.63.0\tests\libtest\first.c">
      <Filter>Source Files</Filter>
    </ClCompile>
    <ClCompile Include="K:\Development\op3d_active\curl-7.63.0\tests\libtest\testutil.c">
      <Filter>Source Files</Filter>
    </ClCompile>
    <ClCompile Include="K:\Development\op3d_active\curl-7.63.0\lib\warnless.c">
      <Filter>Source Files</Filter>
    </ClCompile>
  </ItemGroup>
  <ItemGroup>
    <ClInclude Include="K:\Development\op3d_active\curl-7.63.0\tests\libtest\test.h">
      <Filter>Header Files</Filter>
    </ClInclude>
    <ClInclude Include="K:\Development\op3d_active\curl-7.63.0\tests\libtest\testutil.h">
      <Filter>Header Files</Filter>
    </ClInclude>
    <ClInclude Include="K:\Development\op3d_active\curl-7.63.0\lib\warnless.h">
      <Filter>Header Files</Filter>
    </ClInclude>
  </ItemGroup>
  <ItemGroup>
    <CustomBuild Include="K:\Development\op3d_active\curl-7.63.0\tests\libtest\CMakeLists.txt" />
  </ItemGroup>
  <ItemGroup>
    <Filter Include="Header Files">
      <UniqueIdentifier>{659DC5BA-F494-3EA4-9834-90C68FCF4BCC}</UniqueIdentifier>
    </Filter>
    <Filter Include="Source Files">
      <UniqueIdentifier>{F227E093-0DB7-3072-8D87-2139B930A968}</UniqueIdentifier>
    </Filter>
  </ItemGroup>
</Project>
