<?xml version="1.0" encoding="utf-8"?>
<Project ToolsVersion="15.0" xmlns="http://schemas.microsoft.com/developer/msbuild/2003">
  <ItemGroup>
    <ClCompile Include="K:\Development\op3d_active\curl-7.63.0\lib\mprintf.c">
      <Filter>Source Files</Filter>
    </ClCompile>
    <ClCompile Include="K:\Development\op3d_active\curl-7.63.0\lib\nonblock.c">
      <Filter>Source Files</Filter>
    </ClCompile>
    <ClCompile Include="K:\Development\op3d_active\curl-7.63.0\lib\strtoofft.c">
      <Filter>Source Files</Filter>
    </ClCompile>
    <ClCompile Include="K:\Development\op3d_active\curl-7.63.0\lib\warnless.c">
      <Filter>Source Files</Filter>
    </ClCompile>
    <ClCompile Include="K:\Development\op3d_active\curl-7.63.0\lib\curl_ctype.c">
      <Filter>Source Files</Filter>
    </ClCompile>
    <ClCompile Include="K:\Development\op3d_active\curl-7.63.0\tests\server\getpart.c">
      <Filter>Source Files</Filter>
    </ClCompile>
    <ClCompile Include="K:\Development\op3d_active\curl-7.63.0\lib\base64.c">
      <Filter>Source Files</Filter>
    </ClCompile>
    <ClCompile Include="K:\Development\op3d_active\curl-7.63.0\lib\memdebug.c">
      <Filter>Source Files</Filter>
    </ClCompile>
    <ClCompile Include="K:\Development\op3d_active\curl-7.63.0\tests\server\util.c">
      <Filter>Source Files</Filter>
    </ClCompile>
    <ClCompile Include="K:\Development\op3d_active\curl-7.63.0\tests\server\sws.c">
      <Filter>Source Files</Filter>
    </ClCompile>
    <ClCompile Include="K:\Development\op3d_active\curl-7.63.0\lib\inet_pton.c">
      <Filter>Source Files</Filter>
    </ClCompile>
  </ItemGroup>
  <ItemGroup>
    <ClInclude Include="K:\Development\op3d_active\curl-7.63.0\lib\curlx.h">
      <Filter>Header Files</Filter>
    </ClInclude>
    <ClInclude Include="K:\Development\op3d_active\curl-7.63.0\lib\nonblock.h">
      <Filter>Header Files</Filter>
    </ClInclude>
    <ClInclude Include="K:\Development\op3d_active\curl-7.63.0\lib\strtoofft.h">
      <Filter>Header Files</Filter>
    </ClInclude>
    <ClInclude Include="K:\Development\op3d_active\curl-7.63.0\lib\warnless.h">
      <Filter>Header Files</Filter>
    </ClInclude>
    <ClInclude Include="K:\Development\op3d_active\curl-7.63.0\lib\curl_ctype.h">
      <Filter>Header Files</Filter>
    </ClInclude>
    <ClInclude Include="K:\Development\op3d_active\curl-7.63.0\tests\server\getpart.h">
      <Filter>Header Files</Filter>
    </ClInclude>
    <ClInclude Include="K:\Development\op3d_active\curl-7.63.0\tests\server\server_setup.h">
      <Filter>Header Files</Filter>
    </ClInclude>
    <ClInclude Include="K:\Development\op3d_active\curl-7.63.0\lib\curl_base64.h">
      <Filter>Header Files</Filter>
    </ClInclude>
    <ClInclude Include="K:\Development\op3d_active\curl-7.63.0\lib\memdebug.h">
      <Filter>Header Files</Filter>
    </ClInclude>
    <ClInclude Include="K:\Development\op3d_active\curl-7.63.0\tests\server\util.h">
      <Filter>Header Files</Filter>
    </ClInclude>
    <ClInclude Include="K:\Development\op3d_active\curl-7.63.0\tests\server\server_sockaddr.h">
      <Filter>Header Files</Filter>
    </ClInclude>
  </ItemGroup>
  <ItemGroup>
    <CustomBuild Include="K:\Development\op3d_active\curl-7.63.0\tests\server\CMakeLists.txt" />
  </ItemGroup>
  <ItemGroup>
    <Filter Include="Header Files">
      <UniqueIdentifier>{659DC5BA-F494-3EA4-9834-90C68FCF4BCC}</UniqueIdentifier>
    </Filter>
    <Filter Include="Source Files">
      <UniqueIdentifier>{F227E093-0DB7-3072-8D87-2139B930A968}</UniqueIdentifier>
    </Filter>
  </ItemGroup>
</Project>
